
Microsoft Visual Studio Solution File, Format Version 12.00
# Visual Studio Version 17
VisualStudioVersion = 17.13.35913.81
MinimumVisualStudioVersion = 10.0.40219.1
Project("{FAE04EC0-301F-11D3-BF4B-00C04F79EFBC}") = "Cosmetic_Shop", "Cosmetic_Shop\Cosmetic_Shop.csproj", "{DC37C7FD-C2ED-42A3-95EE-3D82B827EF31}"
EndProject
Global
	GlobalSection(SolutionConfigurationPlatforms) = preSolution
		Debug|Any CPU = Debug|Any CPU
		Release|Any CPU = Release|Any CPU
	EndGlobalSection
	GlobalSection(ProjectConfigurationPlatforms) = postSolution
		{DC37C7FD-C2ED-42A3-95EE-3D82B827EF31}.Debug|Any CPU.ActiveCfg = Debug|Any CPU
		{DC37C7FD-C2ED-42A3-95EE-3D82B827EF31}.Debug|Any CPU.Build.0 = Debug|Any CPU
		{DC37C7FD-C2ED-42A3-95EE-3D82B827EF31}.Release|Any CPU.ActiveCfg = Release|Any CPU
		{DC37C7FD-C2ED-42A3-95EE-3D82B827EF31}.Release|Any CPU.Build.0 = Release|Any CPU
	EndGlobalSection
	GlobalSection(SolutionProperties) = preSolution
		HideSolutionNode = FALSE
	EndGlobalSection
	GlobalSection(ExtensibilityGlobals) = postSolution
		SolutionGuid = {6E41A04A-191F-4012-9CA1-03DFC29C1453}
	EndGlobalSection
EndGlobal
